
Microsoft Visual Studio Solution File, Format Version 12.00
# Visual Studio Version 16
VisualStudioVersion = 16.0.30717.126
MinimumVisualStudioVersion = 10.0.40219.1
Project("{9A19103F-16F7-4668-BE54-9A1E7A4F7556}") = "eslib", "eslib\eslib.csproj", "{A8020A00-D2CF-4591-9580-373B45B04084}"
EndProject
Project("{FAE04EC0-301F-11D3-BF4B-00C04F79EFBC}") = "eslib_units", "eslib_units\eslib_units.csproj", "{DCADED32-0B4E-4F05-A206-41A78ACFB5D7}"
EndProject
Project("{2150E333-8FDC-42A3-9474-1A3956D46DE8}") = "Testing", "Testing", "{BBAD4B06-CBD7-4F90-9012-FC30941EAC62}"
EndProject
Global
	GlobalSection(SolutionConfigurationPlatforms) = preSolution
		Debug|Any CPU = Debug|Any CPU
		Release|Any CPU = Release|Any CPU
	EndGlobalSection
	GlobalSection(ProjectConfigurationPlatforms) = postSolution
		{A8020A00-D2CF-4591-9580-373B45B04084}.Debug|Any CPU.ActiveCfg = Debug|Any CPU
		{A8020A00-D2CF-4591-9580-373B45B04084}.Debug|Any CPU.Build.0 = Debug|Any CPU
		{A8020A00-D2CF-4591-9580-373B45B04084}.Release|Any CPU.ActiveCfg = Release|Any CPU
		{A8020A00-D2CF-4591-9580-373B45B04084}.Release|Any CPU.Build.0 = Release|Any CPU
		{DCADED32-0B4E-4F05-A206-41A78ACFB5D7}.Debug|Any CPU.ActiveCfg = Debug|Any CPU
		{DCADED32-0B4E-4F05-A206-41A78ACFB5D7}.Debug|Any CPU.Build.0 = Debug|Any CPU
		{DCADED32-0B4E-4F05-A206-41A78ACFB5D7}.Release|Any CPU.ActiveCfg = Release|Any CPU
		{DCADED32-0B4E-4F05-A206-41A78ACFB5D7}.Release|Any CPU.Build.0 = Release|Any CPU
	EndGlobalSection
	GlobalSection(SolutionProperties) = preSolution
		HideSolutionNode = FALSE
	EndGlobalSection
	GlobalSection(NestedProjects) = preSolution
		{DCADED32-0B4E-4F05-A206-41A78ACFB5D7} = {BBAD4B06-CBD7-4F90-9012-FC30941EAC62}
	EndGlobalSection
	GlobalSection(ExtensibilityGlobals) = postSolution
		SolutionGuid = {6775EF31-0170-4D96-AAEA-C0B07301A8C1}
	EndGlobalSection
EndGlobal
